
Microsoft Visual Studio Solution File, Format Version 12.00
# Visual Studio Version 17
VisualStudioVersion = 17.9.34728.123
MinimumVisualStudioVersion = 10.0.40219.1
Project("{9A19103F-16F7-4668-BE54-9A1E7A4F7556}") = "FinanceScraper.Executable.Debug", "FinanceScraper.Executable.Debug.csproj", "{33A57626-5EA3-4E17-9CD4-EF8E255D17D4}"
EndProject
Project("{9A19103F-16F7-4668-BE54-9A1E7A4F7556}") = "IntrinsicValue.Calculation", "..\..\IntrinsicValue\IntrinsicValue.Calculation\IntrinsicValue.Calculation.csproj", "{991A2A1A-E163-4672-9682-41F3B994DBC5}"
EndProject
Project("{9A19103F-16F7-4668-BE54-9A1E7A4F7556}") = "HtmlAgilityPack.XpathWrapper", "..\..\..\Library\HtmlAgilityPack.XpathWrapper\HtmlAgilityPack.XpathWrapper.csproj", "{4DEAEE06-F441-49F9-A859-A21C1ABE2BAC}"
EndProject
Project("{9A19103F-16F7-4668-BE54-9A1E7A4F7556}") = "FinanceScraper", "..\FinanceScraper.Services\FinanceScraper.csproj", "{B4C9345C-4303-4EB4-B712-E2E61DC506B6}"
EndProject
Project("{2150E333-8FDC-42A3-9474-1A3956D46DE8}") = "Executable", "Executable", "{87012A8F-75C2-4B7F-9575-EB923FF5C9ED}"
EndProject
Project("{2150E333-8FDC-42A3-9474-1A3956D46DE8}") = "Core", "Core", "{4EACC3FB-C951-4F09-B052-2EA37336EA06}"
EndProject
Project("{9A19103F-16F7-4668-BE54-9A1E7A4F7556}") = "Finance.Collection.Domain", "..\..\..\Domain\Finance.Collection.Domain\Finance.Collection.Domain.csproj", "{12C86913-5BEC-49BF-93E2-E8D567444B8E}"
EndProject
Project("{9A19103F-16F7-4668-BE54-9A1E7A4F7556}") = "FinanceScrape.Executable.InitDebug", "..\FinanceScrape.Executable.InitDebug\FinanceScrape.Executable.InitDebug.csproj", "{8F39ABFA-9239-4653-A864-8ACE3DDEB14F}"
EndProject
Project("{9A19103F-16F7-4668-BE54-9A1E7A4F7556}") = "IntrinsicValue.Blazor", "..\..\..\..\IntrinsicValue.WASM\UI\IntrinsicValue.Blazor\IntrinsicValue.Blazor.csproj", "{A65DA142-74CC-4BAC-8659-1C70414875DD}"
EndProject
Project("{2150E333-8FDC-42A3-9474-1A3956D46DE8}") = "Support", "Support", "{3760FE9C-E84E-408F-9BB0-A633EC78C2FD}"
EndProject
Project("{9A19103F-16F7-4668-BE54-9A1E7A4F7556}") = "ListPropertiesToFile", "..\..\..\Support\ListPropertiesToFile\ListPropertiesToFile.csproj", "{70C39E00-06CE-484F-91B0-5CF241895F95}"
EndProject
Project("{9A19103F-16F7-4668-BE54-9A1E7A4F7556}") = "Financial.Collection.Link", "..\..\Financial.Collection.Link\Financial.Collection.Link.csproj", "{C26F252A-00E0-4D1E-B4BC-81A4E90E6248}"
EndProject
Project("{2150E333-8FDC-42A3-9474-1A3956D46DE8}") = "Link", "Link", "{EAB96290-AED5-4DD0-A075-BA3081DF0361}"
EndProject
Project("{FAE04EC0-301F-11D3-BF4B-00C04F79EFBC}") = "IntrinsicValue.Proxy.CORS", "..\..\..\..\IntrinsicValue.Blazor\IntrinsicValue.Proxy.CORS\IntrinsicValue.Proxy.CORS.csproj", "{3619A474-14CC-440A-B822-65A587597F26}"
EndProject
Global
	GlobalSection(SolutionConfigurationPlatforms) = preSolution
		Debug|Any CPU = Debug|Any CPU
		Release|Any CPU = Release|Any CPU
	EndGlobalSection
	GlobalSection(ProjectConfigurationPlatforms) = postSolution
		{33A57626-5EA3-4E17-9CD4-EF8E255D17D4}.Debug|Any CPU.ActiveCfg = Debug|Any CPU
		{33A57626-5EA3-4E17-9CD4-EF8E255D17D4}.Debug|Any CPU.Build.0 = Debug|Any CPU
		{33A57626-5EA3-4E17-9CD4-EF8E255D17D4}.Release|Any CPU.ActiveCfg = Release|Any CPU
		{33A57626-5EA3-4E17-9CD4-EF8E255D17D4}.Release|Any CPU.Build.0 = Release|Any CPU
		{991A2A1A-E163-4672-9682-41F3B994DBC5}.Debug|Any CPU.ActiveCfg = Debug|Any CPU
		{991A2A1A-E163-4672-9682-41F3B994DBC5}.Debug|Any CPU.Build.0 = Debug|Any CPU
		{991A2A1A-E163-4672-9682-41F3B994DBC5}.Release|Any CPU.ActiveCfg = Release|Any CPU
		{991A2A1A-E163-4672-9682-41F3B994DBC5}.Release|Any CPU.Build.0 = Release|Any CPU
		{4DEAEE06-F441-49F9-A859-A21C1ABE2BAC}.Debug|Any CPU.ActiveCfg = Debug|Any CPU
		{4DEAEE06-F441-49F9-A859-A21C1ABE2BAC}.Debug|Any CPU.Build.0 = Debug|Any CPU
		{4DEAEE06-F441-49F9-A859-A21C1ABE2BAC}.Release|Any CPU.ActiveCfg = Release|Any CPU
		{4DEAEE06-F441-49F9-A859-A21C1ABE2BAC}.Release|Any CPU.Build.0 = Release|Any CPU
		{B4C9345C-4303-4EB4-B712-E2E61DC506B6}.Debug|Any CPU.ActiveCfg = Debug|Any CPU
		{B4C9345C-4303-4EB4-B712-E2E61DC506B6}.Debug|Any CPU.Build.0 = Debug|Any CPU
		{B4C9345C-4303-4EB4-B712-E2E61DC506B6}.Release|Any CPU.ActiveCfg = Release|Any CPU
		{B4C9345C-4303-4EB4-B712-E2E61DC506B6}.Release|Any CPU.Build.0 = Release|Any CPU
		{12C86913-5BEC-49BF-93E2-E8D567444B8E}.Debug|Any CPU.ActiveCfg = Debug|Any CPU
		{12C86913-5BEC-49BF-93E2-E8D567444B8E}.Debug|Any CPU.Build.0 = Debug|Any CPU
		{12C86913-5BEC-49BF-93E2-E8D567444B8E}.Release|Any CPU.ActiveCfg = Release|Any CPU
		{12C86913-5BEC-49BF-93E2-E8D567444B8E}.Release|Any CPU.Build.0 = Release|Any CPU
		{8F39ABFA-9239-4653-A864-8ACE3DDEB14F}.Debug|Any CPU.ActiveCfg = Debug|Any CPU
		{8F39ABFA-9239-4653-A864-8ACE3DDEB14F}.Debug|Any CPU.Build.0 = Debug|Any CPU
		{8F39ABFA-9239-4653-A864-8ACE3DDEB14F}.Release|Any CPU.ActiveCfg = Release|Any CPU
		{8F39ABFA-9239-4653-A864-8ACE3DDEB14F}.Release|Any CPU.Build.0 = Release|Any CPU
		{A65DA142-74CC-4BAC-8659-1C70414875DD}.Debug|Any CPU.ActiveCfg = Debug|Any CPU
		{A65DA142-74CC-4BAC-8659-1C70414875DD}.Debug|Any CPU.Build.0 = Debug|Any CPU
		{A65DA142-74CC-4BAC-8659-1C70414875DD}.Release|Any CPU.ActiveCfg = Release|Any CPU
		{A65DA142-74CC-4BAC-8659-1C70414875DD}.Release|Any CPU.Build.0 = Release|Any CPU
		{70C39E00-06CE-484F-91B0-5CF241895F95}.Debug|Any CPU.ActiveCfg = Debug|Any CPU
		{70C39E00-06CE-484F-91B0-5CF241895F95}.Debug|Any CPU.Build.0 = Debug|Any CPU
		{70C39E00-06CE-484F-91B0-5CF241895F95}.Release|Any CPU.ActiveCfg = Release|Any CPU
		{70C39E00-06CE-484F-91B0-5CF241895F95}.Release|Any CPU.Build.0 = Release|Any CPU
		{C26F252A-00E0-4D1E-B4BC-81A4E90E6248}.Debug|Any CPU.ActiveCfg = Debug|Any CPU
		{C26F252A-00E0-4D1E-B4BC-81A4E90E6248}.Debug|Any CPU.Build.0 = Debug|Any CPU
		{C26F252A-00E0-4D1E-B4BC-81A4E90E6248}.Release|Any CPU.ActiveCfg = Release|Any CPU
		{C26F252A-00E0-4D1E-B4BC-81A4E90E6248}.Release|Any CPU.Build.0 = Release|Any CPU
		{3619A474-14CC-440A-B822-65A587597F26}.Debug|Any CPU.ActiveCfg = Debug|Any CPU
		{3619A474-14CC-440A-B822-65A587597F26}.Debug|Any CPU.Build.0 = Debug|Any CPU
		{3619A474-14CC-440A-B822-65A587597F26}.Release|Any CPU.ActiveCfg = Release|Any CPU
		{3619A474-14CC-440A-B822-65A587597F26}.Release|Any CPU.Build.0 = Release|Any CPU
	EndGlobalSection
	GlobalSection(SolutionProperties) = preSolution
		HideSolutionNode = FALSE
	EndGlobalSection
	GlobalSection(NestedProjects) = preSolution
		{33A57626-5EA3-4E17-9CD4-EF8E255D17D4} = {87012A8F-75C2-4B7F-9575-EB923FF5C9ED}
		{991A2A1A-E163-4672-9682-41F3B994DBC5} = {4EACC3FB-C951-4F09-B052-2EA37336EA06}
		{B4C9345C-4303-4EB4-B712-E2E61DC506B6} = {4EACC3FB-C951-4F09-B052-2EA37336EA06}
		{12C86913-5BEC-49BF-93E2-E8D567444B8E} = {EAB96290-AED5-4DD0-A075-BA3081DF0361}
		{8F39ABFA-9239-4653-A864-8ACE3DDEB14F} = {87012A8F-75C2-4B7F-9575-EB923FF5C9ED}
		{70C39E00-06CE-484F-91B0-5CF241895F95} = {3760FE9C-E84E-408F-9BB0-A633EC78C2FD}
		{C26F252A-00E0-4D1E-B4BC-81A4E90E6248} = {EAB96290-AED5-4DD0-A075-BA3081DF0361}
	EndGlobalSection
	GlobalSection(ExtensibilityGlobals) = postSolution
		SolutionGuid = {EDD0A547-FE19-4010-A2AB-CC2767690528}
	EndGlobalSection
EndGlobal
